{
  "name": "@atopos/core",
  "version": "0.0.0",
  "lockfileVersion": 3,
  "requires": true,
  "packages": {
    "": {
      "name": "@atopos/core",
      "version": "0.0.0",
      "license": "MIT",
      "dependencies": {
        "@adonisjs/core": "^6.18.0",
        "lodash-es": "^4.17.21",
        "reflect-metadata": "^0.2.2",
        "ts-morph": "^27.0.2",
        "tsdown": "^0.15.12"
      },
      "devDependencies": {
        "@adonisjs/eslint-config": "^2.0.0",
        "@adonisjs/prettier-config": "^1.4.4",
        "@adonisjs/tsconfig": "^1.4.0",
        "@types/node": "^22.15.18",
        "eslint": "^9.26.0",
        "prettier": "^3.5.3",
        "typescript": "~5.8"
      }
    },
    "../../node_modules/.pnpm/@adonisjs+core@6.19.0_@adonisjs+assembler@7.8.2_typescript@5.8.3_/node_modules/@adonisjs/core": {
      "version": "6.19.0",
      "license": "MIT",
      "dependencies": {
        "@adonisjs/ace": "^13.3.0",
        "@adonisjs/application": "^8.4.1",
        "@adonisjs/bodyparser": "^10.1.0",
        "@adonisjs/config": "^5.0.3",
        "@adonisjs/encryption": "^6.0.2",
        "@adonisjs/env": "^6.2.0",
        "@adonisjs/events": "^9.0.2",
        "@adonisjs/fold": "^10.2.0",
        "@adonisjs/hash": "^9.1.1",
        "@adonisjs/health": "^2.0.0",
        "@adonisjs/http-server": "^7.7.0",
        "@adonisjs/logger": "^6.0.6",
        "@adonisjs/repl": "^4.1.0",
        "@antfu/install-pkg": "^1.1.0",
        "@paralleldrive/cuid2": "^2.2.2",
        "@poppinss/colors": "^4.1.4",
        "@poppinss/dumper": "^0.6.3",
        "@poppinss/macroable": "^1.0.4",
        "@poppinss/utils": "^6.10.0",
        "@sindresorhus/is": "^7.0.2",
        "@types/he": "^1.2.3",
        "error-stack-parser-es": "^1.0.5",
        "he": "^1.2.0",
        "parse-imports": "^2.2.1",
        "pretty-hrtime": "^1.0.3",
        "string-width": "^7.2.0",
        "youch": "^3.3.4",
        "youch-terminal": "^2.2.3"
      },
      "bin": {
        "adonis-kit": "build/toolkit/main.js"
      },
      "devDependencies": {
        "@adonisjs/assembler": "^7.8.2",
        "@adonisjs/eslint-config": "^2.1.0",
        "@adonisjs/prettier-config": "^1.4.5",
        "@adonisjs/tsconfig": "^1.4.1",
        "@japa/assert": "^4.0.1",
        "@japa/expect-type": "^2.0.3",
        "@japa/file-system": "^2.3.2",
        "@japa/runner": "^4.2.0",
        "@japa/snapshot": "^2.0.8",
        "@release-it/conventional-changelog": "^10.0.1",
        "@swc/core": "1.10.7",
        "@types/node": "^24.0.3",
        "@types/pretty-hrtime": "^1.0.3",
        "@types/sinon": "^17.0.4",
        "@types/supertest": "^6.0.3",
        "@types/test-console": "^2.0.3",
        "@vinejs/vine": "^3.0.1",
        "argon2": "^0.43.0",
        "bcrypt": "^6.0.0",
        "c8": "^10.1.3",
        "copyfiles": "^2.4.1",
        "cross-env": "^7.0.3",
        "del-cli": "^6.0.0",
        "edge.js": "^6.2.1",
        "eslint": "^9.29.0",
        "execa": "^9.6.0",
        "get-port": "^7.1.0",
        "prettier": "^3.5.3",
        "release-it": "^19.0.3",
        "sinon": "^21.0.0",
        "supertest": "^7.1.1",
        "test-console": "^2.0.0",
        "timekeeper": "^2.3.1",
        "ts-node-maintained": "^10.9.5",
        "typescript": "^5.8.3"
      },
      "engines": {
        "node": ">=20.6.0"
      },
      "peerDependencies": {
        "@adonisjs/assembler": "^7.8.0",
        "@vinejs/vine": "^2.1.0 || ^3.0.0",
        "argon2": "^0.31.2 || ^0.41.0 || ^0.43.0",
        "bcrypt": "^5.1.1 || ^6.0.0",
        "edge.js": "^6.2.0"
      },
      "peerDependenciesMeta": {
        "@adonisjs/assembler": {
          "optional": true
        },
        "@vinejs/vine": {
          "optional": true
        },
        "argon2": {
          "optional": true
        },
        "bcrypt": {
          "optional": true
        },
        "edge.js": {
          "optional": true
        }
      }
    },
    "../../node_modules/.pnpm/@adonisjs+eslint-config@2.1.2_eslint@9.38.0_jiti@2.6.1__prettier@3.6.2_typescript@5.8.3/node_modules/@adonisjs/eslint-config": {
      "version": "2.1.2",
      "dev": true,
      "license": "MIT",
      "dependencies": {
        "@adonisjs/eslint-plugin": "^2.0.1",
        "@stylistic/eslint-plugin": "^5.2.3",
        "eslint-config-prettier": "^10.1.8",
        "eslint-plugin-prettier": "^5.5.4",
        "eslint-plugin-unicorn": "^60.0.0",
        "typescript-eslint": "^8.39.0"
      },
      "devDependencies": {
        "@adonisjs/prettier-config": "^1.4.5",
        "@release-it/conventional-changelog": "^10.0.1",
        "eslint": "^9.32.0",
        "prettier": "^3.6.2",
        "release-it": "^19.0.4"
      },
      "peerDependencies": {
        "eslint": "^9.9.0",
        "prettier": "^3.3.3"
      }
    },
    "../../node_modules/.pnpm/@adonisjs+prettier-config@1.4.5/node_modules/@adonisjs/prettier-config": {
      "version": "1.4.5",
      "dev": true,
      "license": "MIT",
      "dependencies": {
        "prettier-plugin-edgejs": "^1.0.1"
      },
      "devDependencies": {
        "@release-it/conventional-changelog": "^10.0.0",
        "release-it": "^18.1.2"
      }
    },
    "../../node_modules/.pnpm/@adonisjs+tsconfig@1.4.1/node_modules/@adonisjs/tsconfig": {
      "version": "1.4.1",
      "dev": true,
      "license": "MIT",
      "devDependencies": {
        "@release-it/conventional-changelog": "^8.0.1",
        "release-it": "^17.6.0"
      }
    },
    "../../node_modules/.pnpm/@types+node@22.18.13/node_modules/@types/node": {
      "version": "22.18.13",
      "dev": true,
      "license": "MIT",
      "dependencies": {
        "undici-types": "~6.21.0"
      }
    },
    "../../node_modules/.pnpm/eslint@9.38.0_jiti@2.6.1/node_modules/eslint": {
      "version": "9.38.0",
      "dev": true,
      "license": "MIT",
      "dependencies": {
        "@eslint-community/eslint-utils": "^4.8.0",
        "@eslint-community/regexpp": "^4.12.1",
        "@eslint/config-array": "^0.21.1",
        "@eslint/config-helpers": "^0.4.1",
        "@eslint/core": "^0.16.0",
        "@eslint/eslintrc": "^3.3.1",
        "@eslint/js": "9.38.0",
        "@eslint/plugin-kit": "^0.4.0",
        "@humanfs/node": "^0.16.6",
        "@humanwhocodes/module-importer": "^1.0.1",
        "@humanwhocodes/retry": "^0.4.2",
        "@types/estree": "^1.0.6",
        "ajv": "^6.12.4",
        "chalk": "^4.0.0",
        "cross-spawn": "^7.0.6",
        "debug": "^4.3.2",
        "escape-string-regexp": "^4.0.0",
        "eslint-scope": "^8.4.0",
        "eslint-visitor-keys": "^4.2.1",
        "espree": "^10.4.0",
        "esquery": "^1.5.0",
        "esutils": "^2.0.2",
        "fast-deep-equal": "^3.1.3",
        "file-entry-cache": "^8.0.0",
        "find-up": "^5.0.0",
        "glob-parent": "^6.0.2",
        "ignore": "^5.2.0",
        "imurmurhash": "^0.1.4",
        "is-glob": "^4.0.0",
        "json-stable-stringify-without-jsonify": "^1.0.1",
        "lodash.merge": "^4.6.2",
        "minimatch": "^3.1.2",
        "natural-compare": "^1.4.0",
        "optionator": "^0.9.3"
      },
      "bin": {
        "eslint": "bin/eslint.js"
      },
      "devDependencies": {
        "@arethetypeswrong/cli": "^0.18.0",
        "@babel/core": "^7.4.3",
        "@babel/preset-env": "^7.4.3",
        "@cypress/webpack-preprocessor": "^6.0.2",
        "@eslint/json": "^0.13.0",
        "@trunkio/launcher": "^1.3.4",
        "@types/esquery": "^1.5.4",
        "@types/node": "^22.13.14",
        "@typescript-eslint/parser": "^8.4.0",
        "babel-loader": "^8.0.5",
        "c8": "^7.12.0",
        "chai": "^4.0.1",
        "cheerio": "^0.22.0",
        "common-tags": "^1.8.0",
        "core-js": "^3.1.3",
        "cypress": "^14.1.0",
        "ejs": "^3.0.2",
        "eslint": "file:.",
        "eslint-config-eslint": "file:packages/eslint-config-eslint",
        "eslint-plugin-eslint-plugin": "^6.0.0",
        "eslint-plugin-expect-type": "^0.6.0",
        "eslint-plugin-yml": "^1.14.0",
        "eslint-release": "^3.3.0",
        "eslint-rule-composer": "^0.3.0",
        "eslump": "^3.0.0",
        "esprima": "^4.0.1",
        "fast-glob": "^3.2.11",
        "fs-teardown": "^0.1.3",
        "glob": "^10.0.0",
        "globals": "^16.2.0",
        "got": "^11.8.3",
        "gray-matter": "^4.0.3",
        "jiti": "^2.6.1",
        "jiti-v2.0": "npm:jiti@2.0.x",
        "jiti-v2.1": "npm:jiti@2.1.x",
        "knip": "^5.60.2",
        "lint-staged": "^11.0.0",
        "markdown-it": "^12.2.0",
        "markdown-it-container": "^3.0.0",
        "marked": "^4.0.8",
        "metascraper": "^5.25.7",
        "metascraper-description": "^5.25.7",
        "metascraper-image": "^5.29.3",
        "metascraper-logo": "^5.25.7",
        "metascraper-logo-favicon": "^5.25.7",
        "metascraper-title": "^5.25.7",
        "mocha": "^11.7.1",
        "node-polyfill-webpack-plugin": "^1.0.3",
        "npm-license": "^0.3.3",
        "pirates": "^4.0.5",
        "progress": "^2.0.3",
        "proxyquire": "^2.0.1",
        "recast": "^0.23.0",
        "regenerator-runtime": "^0.14.0",
        "semver": "^7.5.3",
        "shelljs": "^0.10.0",
        "sinon": "^11.0.0",
        "typescript": "^5.3.3",
        "webpack": "^5.23.0",
        "webpack-cli": "^4.5.0",
        "yorkie": "^2.0.0"
      },
      "engines": {
        "node": "^18.18.0 || ^20.9.0 || >=21.1.0"
      },
      "funding": {
        "url": "https://eslint.org/donate"
      },
      "peerDependencies": {
        "jiti": "*"
      },
      "peerDependenciesMeta": {
        "jiti": {
          "optional": true
        }
      }
    },
    "../../node_modules/.pnpm/prettier@3.6.2/node_modules/prettier": {
      "version": "3.6.2",
      "dev": true,
      "license": "MIT",
      "bin": {
        "prettier": "bin/prettier.cjs"
      },
      "engines": {
        "node": ">=14"
      },
      "funding": {
        "url": "https://github.com/prettier/prettier?sponsor=1"
      }
    },
    "../../node_modules/.pnpm/reflect-metadata@0.2.2/node_modules/reflect-metadata": {
      "version": "0.2.2",
      "license": "Apache-2.0",
      "devDependencies": {
        "@types/chai": "^3.4.34",
        "@types/mocha": "^2.2.34",
        "@types/node": "^10.17.60",
        "chai": "^3.5.0",
        "del": "^2.2.2",
        "ecmarkup": "^3.9.3",
        "gulp": "^3.9.1",
        "gulp-emu": "^1.1.0",
        "gulp-live-server": "0.0.30",
        "gulp-mocha": "^3.0.1",
        "gulp-rename": "^1.2.2",
        "gulp-sequence": "^0.4.6",
        "gulp-tsb": "^2.0.3",
        "mocha": "^3.2.0",
        "typescript": "^2.1.4"
      }
    },
    "../../node_modules/.pnpm/tsdown@0.15.12_typescript@5.8.3/node_modules/tsdown": {
      "version": "0.15.12",
      "license": "MIT",
      "dependencies": {
        "ansis": "^4.2.0",
        "cac": "^6.7.14",
        "chokidar": "^4.0.3",
        "debug": "^4.4.3",
        "diff": "^8.0.2",
        "empathic": "^2.0.0",
        "hookable": "^5.5.3",
        "rolldown": "1.0.0-beta.45",
        "rolldown-plugin-dts": "^0.17.2",
        "semver": "^7.7.3",
        "tinyexec": "^1.0.1",
        "tinyglobby": "^0.2.15",
        "tree-kill": "^1.2.2",
        "unconfig": "^7.3.3"
      },
      "bin": {
        "tsdown": "dist/run.mjs"
      },
      "devDependencies": {
        "@arethetypeswrong/core": "^0.18.2",
        "@sxzz/eslint-config": "^7.2.7",
        "@sxzz/prettier-config": "^2.2.4",
        "@sxzz/test-utils": "^0.5.12",
        "@types/debug": "^4.1.12",
        "@types/node": "^24.9.2",
        "@types/semver": "^7.7.1",
        "@unocss/eslint-plugin": "^66.5.4",
        "@vueuse/core": "^14.0.0",
        "bumpp": "^10.3.1",
        "eslint": "^9.38.0",
        "lightningcss": "^1.30.2",
        "pkg-types": "^2.3.0",
        "prettier": "^3.6.2",
        "publint": "^0.3.15",
        "rolldown-plugin-require-cjs": "^0.3.1",
        "typescript": "~5.9.3",
        "unocss": "^66.5.4",
        "unplugin-lightningcss": "^0.4.3",
        "unplugin-unused": "^0.5.4",
        "unrun": "^0.2.1",
        "vite": "npm:rolldown-vite@latest",
        "vitest": "^4.0.4"
      },
      "engines": {
        "node": ">=20.19.0"
      },
      "funding": {
        "url": "https://github.com/sponsors/sxzz"
      },
      "peerDependencies": {
        "@arethetypeswrong/core": "^0.18.1",
        "publint": "^0.3.0",
        "typescript": "^5.0.0",
        "unplugin-lightningcss": "^0.4.0",
        "unplugin-unused": "^0.5.0",
        "unrun": "^0.2.1"
      },
      "peerDependenciesMeta": {
        "@arethetypeswrong/core": {
          "optional": true
        },
        "publint": {
          "optional": true
        },
        "typescript": {
          "optional": true
        },
        "unplugin-lightningcss": {
          "optional": true
        },
        "unplugin-unused": {
          "optional": true
        },
        "unrun": {
          "optional": true
        }
      }
    },
    "../../node_modules/.pnpm/typescript@5.8.3/node_modules/typescript": {
      "version": "5.8.3",
      "dev": true,
      "license": "Apache-2.0",
      "bin": {
        "tsc": "bin/tsc",
        "tsserver": "bin/tsserver"
      },
      "devDependencies": {
        "@dprint/formatter": "^0.4.1",
        "@dprint/typescript": "0.93.3",
        "@esfx/canceltoken": "^1.0.0",
        "@eslint/js": "^9.17.0",
        "@octokit/rest": "^21.0.2",
        "@types/chai": "^4.3.20",
        "@types/diff": "^5.2.3",
        "@types/minimist": "^1.2.5",
        "@types/mocha": "^10.0.10",
        "@types/ms": "^0.7.34",
        "@types/node": "latest",
        "@types/source-map-support": "^0.5.10",
        "@types/which": "^3.0.4",
        "@typescript-eslint/rule-tester": "^8.18.1",
        "@typescript-eslint/type-utils": "^8.18.1",
        "@typescript-eslint/utils": "^8.18.1",
        "azure-devops-node-api": "^14.1.0",
        "c8": "^10.1.3",
        "chai": "^4.5.0",
        "chalk": "^4.1.2",
        "chokidar": "^3.6.0",
        "diff": "^5.2.0",
        "dprint": "^0.47.6",
        "esbuild": "^0.24.0",
        "eslint": "^9.17.0",
        "eslint-formatter-autolinkable-stylish": "^1.4.0",
        "eslint-plugin-regexp": "^2.7.0",
        "fast-xml-parser": "^4.5.1",
        "glob": "^10.4.5",
        "globals": "^15.13.0",
        "hereby": "^1.10.0",
        "jsonc-parser": "^3.3.1",
        "knip": "^5.41.0",
        "minimist": "^1.2.8",
        "mocha": "^10.8.2",
        "mocha-fivemat-progress-reporter": "^0.1.0",
        "monocart-coverage-reports": "^2.11.4",
        "ms": "^2.1.3",
        "playwright": "^1.49.1",
        "source-map-support": "^0.5.21",
        "tslib": "^2.8.1",
        "typescript": "^5.7.2",
        "typescript-eslint": "^8.18.1",
        "which": "^3.0.1"
      },
      "engines": {
        "node": ">=14.17"
      }
    },
    "node_modules/@adonisjs/core": {
      "resolved": "../../node_modules/.pnpm/@adonisjs+core@6.19.0_@adonisjs+assembler@7.8.2_typescript@5.8.3_/node_modules/@adonisjs/core",
      "link": true
    },
    "node_modules/@adonisjs/eslint-config": {
      "resolved": "../../node_modules/.pnpm/@adonisjs+eslint-config@2.1.2_eslint@9.38.0_jiti@2.6.1__prettier@3.6.2_typescript@5.8.3/node_modules/@adonisjs/eslint-config",
      "link": true
    },
    "node_modules/@adonisjs/prettier-config": {
      "resolved": "../../node_modules/.pnpm/@adonisjs+prettier-config@1.4.5/node_modules/@adonisjs/prettier-config",
      "link": true
    },
    "node_modules/@adonisjs/tsconfig": {
      "resolved": "../../node_modules/.pnpm/@adonisjs+tsconfig@1.4.1/node_modules/@adonisjs/tsconfig",
      "link": true
    },
    "node_modules/@isaacs/balanced-match": {
      "version": "4.0.1",
      "resolved": "https://registry.npmjs.org/@isaacs/balanced-match/-/balanced-match-4.0.1.tgz",
      "integrity": "sha512-yzMTt9lEb8Gv7zRioUilSglI0c0smZ9k5D65677DLWLtWJaXIS3CqcGyUFByYKlnUj6TkjLVs54fBl6+TiGQDQ==",
      "license": "MIT",
      "engines": {
        "node": "20 || >=22"
      }
    },
    "node_modules/@isaacs/brace-expansion": {
      "version": "5.0.0",
      "resolved": "https://registry.npmjs.org/@isaacs/brace-expansion/-/brace-expansion-5.0.0.tgz",
      "integrity": "sha512-ZT55BDLV0yv0RBm2czMiZ+SqCGO7AvmOM3G/w2xhVPH+te0aKgFjmBvGlL1dH+ql2tgGO3MVrbb3jCKyvpgnxA==",
      "license": "MIT",
      "dependencies": {
        "@isaacs/balanced-match": "^4.0.1"
      },
      "engines": {
        "node": "20 || >=22"
      }
    },
    "node_modules/@ts-morph/common": {
      "version": "0.28.1",
      "resolved": "https://registry.npmjs.org/@ts-morph/common/-/common-0.28.1.tgz",
      "integrity": "sha512-W74iWf7ILp1ZKNYXY5qbddNaml7e9Sedv5lvU1V8lftlitkc9Pq1A+jlH23ltDgWYeZFFEqGCD1Ies9hqu3O+g==",
      "license": "MIT",
      "dependencies": {
        "minimatch": "^10.0.1",
        "path-browserify": "^1.0.1",
        "tinyglobby": "^0.2.14"
      }
    },
    "node_modules/@types/node": {
      "resolved": "../../node_modules/.pnpm/@types+node@22.18.13/node_modules/@types/node",
      "link": true
    },
    "node_modules/code-block-writer": {
      "version": "13.0.3",
      "resolved": "https://registry.npmjs.org/code-block-writer/-/code-block-writer-13.0.3.tgz",
      "integrity": "sha512-Oofo0pq3IKnsFtuHqSF7TqBfr71aeyZDVJ0HpmqB7FBM2qEigL0iPONSCZSO9pE9dZTAxANe5XHG9Uy0YMv8cg==",
      "license": "MIT"
    },
    "node_modules/eslint": {
      "resolved": "../../node_modules/.pnpm/eslint@9.38.0_jiti@2.6.1/node_modules/eslint",
      "link": true
    },
    "node_modules/fdir": {
      "version": "6.5.0",
      "resolved": "https://registry.npmjs.org/fdir/-/fdir-6.5.0.tgz",
      "integrity": "sha512-tIbYtZbucOs0BRGqPJkshJUYdL+SDH7dVM8gjy+ERp3WAUjLEFJE+02kanyHtwjWOnwrKYBiwAmM0p4kLJAnXg==",
      "license": "MIT",
      "engines": {
        "node": ">=12.0.0"
      },
      "peerDependencies": {
        "picomatch": "^3 || ^4"
      },
      "peerDependenciesMeta": {
        "picomatch": {
          "optional": true
        }
      }
    },
    "node_modules/lodash-es": {
      "version": "4.17.21",
      "resolved": "https://registry.npmjs.org/lodash-es/-/lodash-es-4.17.21.tgz",
      "integrity": "sha512-mKnC+QJ9pWVzv+C4/U3rRsHapFfHvQFoFB92e52xeyGMcX6/OlIl78je1u8vePzYZSkkogMPJ2yjxxsb89cxyw==",
      "license": "MIT"
    },
    "node_modules/minimatch": {
      "version": "10.1.1",
      "resolved": "https://registry.npmjs.org/minimatch/-/minimatch-10.1.1.tgz",
      "integrity": "sha512-enIvLvRAFZYXJzkCYG5RKmPfrFArdLv+R+lbQ53BmIMLIry74bjKzX6iHAm8WYamJkhSSEabrWN5D97XnKObjQ==",
      "license": "BlueOak-1.0.0",
      "dependencies": {
        "@isaacs/brace-expansion": "^5.0.0"
      },
      "engines": {
        "node": "20 || >=22"
      },
      "funding": {
        "url": "https://github.com/sponsors/isaacs"
      }
    },
    "node_modules/path-browserify": {
      "version": "1.0.1",
      "resolved": "https://registry.npmjs.org/path-browserify/-/path-browserify-1.0.1.tgz",
      "integrity": "sha512-b7uo2UCUOYZcnF/3ID0lulOJi/bafxa1xPe7ZPsammBSpjSWQkjNxlt635YGS2MiR9GjvuXCtz2emr3jbsz98g==",
      "license": "MIT"
    },
    "node_modules/picomatch": {
      "version": "4.0.3",
      "resolved": "https://registry.npmjs.org/picomatch/-/picomatch-4.0.3.tgz",
      "integrity": "sha512-5gTmgEY/sqK6gFXLIsQNH19lWb4ebPDLA4SdLP7dsWkIXHWlG66oPuVvXSGFPppYZz8ZDZq0dYYrbHfBCVUb1Q==",
      "license": "MIT",
      "peer": true,
      "engines": {
        "node": ">=12"
      },
      "funding": {
        "url": "https://github.com/sponsors/jonschlinkert"
      }
    },
    "node_modules/prettier": {
      "resolved": "../../node_modules/.pnpm/prettier@3.6.2/node_modules/prettier",
      "link": true
    },
    "node_modules/reflect-metadata": {
      "resolved": "../../node_modules/.pnpm/reflect-metadata@0.2.2/node_modules/reflect-metadata",
      "link": true
    },
    "node_modules/tinyglobby": {
      "version": "0.2.15",
      "resolved": "https://registry.npmjs.org/tinyglobby/-/tinyglobby-0.2.15.tgz",
      "integrity": "sha512-j2Zq4NyQYG5XMST4cbs02Ak8iJUdxRM0XI5QyxXuZOzKOINmWurp3smXu3y5wDcJrptwpSjgXHzIQxR0omXljQ==",
      "license": "MIT",
      "dependencies": {
        "fdir": "^6.5.0",
        "picomatch": "^4.0.3"
      },
      "engines": {
        "node": ">=12.0.0"
      },
      "funding": {
        "url": "https://github.com/sponsors/SuperchupuDev"
      }
    },
    "node_modules/ts-morph": {
      "version": "27.0.2",
      "resolved": "https://registry.npmjs.org/ts-morph/-/ts-morph-27.0.2.tgz",
      "integrity": "sha512-fhUhgeljcrdZ+9DZND1De1029PrE+cMkIP7ooqkLRTrRLTqcki2AstsyJm0vRNbTbVCNJ0idGlbBrfqc7/nA8w==",
      "license": "MIT",
      "dependencies": {
        "@ts-morph/common": "~0.28.1",
        "code-block-writer": "^13.0.3"
      }
    },
    "node_modules/tsdown": {
      "resolved": "../../node_modules/.pnpm/tsdown@0.15.12_typescript@5.8.3/node_modules/tsdown",
      "link": true
    },
    "node_modules/typescript": {
      "resolved": "../../node_modules/.pnpm/typescript@5.8.3/node_modules/typescript",
      "link": true
    }
  }
}
